
Microsoft Visual Studio Solution File, Format Version 12.00
Project("{FAE04EC0-301F-11D3-BF4B-00C04F79EFBC}") = "day0", "day0\day0.csproj", "{29F71405-48EF-44FE-91D4-3409AB854809}"
EndProject
Project("{FAE04EC0-301F-11D3-BF4B-00C04F79EFBC}") = "day1", "day1\day1.csproj", "{C59BB207-9B06-48E9-ABF1-DA10706DBAD1}"
EndProject
Project("{FAE04EC0-301F-11D3-BF4B-00C04F79EFBC}") = "Day2", "Day2\Day2.csproj", "{6FBE8654-0D5C-4965-9BC4-7FC98995EFFB}"
EndProject
Project("{FAE04EC0-301F-11D3-BF4B-00C04F79EFBC}") = "day3", "day3\day3.csproj", "{E85DED45-DE03-4FB8-AD02-CCF0728442B8}"
EndProject
Project("{FAE04EC0-301F-11D3-BF4B-00C04F79EFBC}") = "MissingNumber", "MissingNumber\MissingNumber.csproj", "{35D25875-7244-43D8-B92E-A5554E0C43FF}"
EndProject
Project("{FAE04EC0-301F-11D3-BF4B-00C04F79EFBC}") = "Day4", "Day4\Day4.csproj", "{016B66E0-1A66-4D65-8B19-C395C092400E}"
EndProject
Project("{FAE04EC0-301F-11D3-BF4B-00C04F79EFBC}") = "CompareTheTriplet", "CompareTheTriplet\CompareTheTriplet.csproj", "{03030290-3478-4CA0-8949-52B9E4F38783}"
EndProject
Project("{FAE04EC0-301F-11D3-BF4B-00C04F79EFBC}") = "Day5", "Day5\Day5.csproj", "{7751E7A0-A8D0-4206-A80B-23E2ED5EC9CA}"
EndProject
Project("{FAE04EC0-301F-11D3-BF4B-00C04F79EFBC}") = "Day6", "Day6\Day6.csproj", "{3CC2CD38-082B-46B2-97B7-66EA1226EF65}"
EndProject
Project("{FAE04EC0-301F-11D3-BF4B-00C04F79EFBC}") = "Day7", "Day7\Day7.csproj", "{AD291618-D41F-44F7-87A1-91392D25C179}"
EndProject
Project("{FAE04EC0-301F-11D3-BF4B-00C04F79EFBC}") = "Day8", "Day8\Day8.csproj", "{7FB4919F-BC19-4A2B-91B3-764F3F6D11A5}"
EndProject
Project("{FAE04EC0-301F-11D3-BF4B-00C04F79EFBC}") = "Day8Console", "Day8Console\Day8Console.csproj", "{1EAFE2CF-8C74-45DA-A3E4-4BBD7CB916A1}"
EndProject
Project("{FAE04EC0-301F-11D3-BF4B-00C04F79EFBC}") = "Day9", "Day9\Day9.csproj", "{50B68F68-96A7-4238-B9F0-36EB650FAA88}"
EndProject
Global
	GlobalSection(SolutionConfigurationPlatforms) = preSolution
		Debug|Any CPU = Debug|Any CPU
		Release|Any CPU = Release|Any CPU
	EndGlobalSection
	GlobalSection(ProjectConfigurationPlatforms) = postSolution
		{29F71405-48EF-44FE-91D4-3409AB854809}.Debug|Any CPU.ActiveCfg = Debug|Any CPU
		{29F71405-48EF-44FE-91D4-3409AB854809}.Debug|Any CPU.Build.0 = Debug|Any CPU
		{29F71405-48EF-44FE-91D4-3409AB854809}.Release|Any CPU.ActiveCfg = Release|Any CPU
		{29F71405-48EF-44FE-91D4-3409AB854809}.Release|Any CPU.Build.0 = Release|Any CPU
		{C59BB207-9B06-48E9-ABF1-DA10706DBAD1}.Debug|Any CPU.ActiveCfg = Debug|Any CPU
		{C59BB207-9B06-48E9-ABF1-DA10706DBAD1}.Debug|Any CPU.Build.0 = Debug|Any CPU
		{C59BB207-9B06-48E9-ABF1-DA10706DBAD1}.Release|Any CPU.ActiveCfg = Release|Any CPU
		{C59BB207-9B06-48E9-ABF1-DA10706DBAD1}.Release|Any CPU.Build.0 = Release|Any CPU
		{6FBE8654-0D5C-4965-9BC4-7FC98995EFFB}.Debug|Any CPU.ActiveCfg = Debug|Any CPU
		{6FBE8654-0D5C-4965-9BC4-7FC98995EFFB}.Debug|Any CPU.Build.0 = Debug|Any CPU
		{6FBE8654-0D5C-4965-9BC4-7FC98995EFFB}.Release|Any CPU.ActiveCfg = Release|Any CPU
		{6FBE8654-0D5C-4965-9BC4-7FC98995EFFB}.Release|Any CPU.Build.0 = Release|Any CPU
		{E85DED45-DE03-4FB8-AD02-CCF0728442B8}.Debug|Any CPU.ActiveCfg = Debug|Any CPU
		{E85DED45-DE03-4FB8-AD02-CCF0728442B8}.Debug|Any CPU.Build.0 = Debug|Any CPU
		{E85DED45-DE03-4FB8-AD02-CCF0728442B8}.Release|Any CPU.ActiveCfg = Release|Any CPU
		{E85DED45-DE03-4FB8-AD02-CCF0728442B8}.Release|Any CPU.Build.0 = Release|Any CPU
		{35D25875-7244-43D8-B92E-A5554E0C43FF}.Debug|Any CPU.ActiveCfg = Debug|Any CPU
		{35D25875-7244-43D8-B92E-A5554E0C43FF}.Debug|Any CPU.Build.0 = Debug|Any CPU
		{35D25875-7244-43D8-B92E-A5554E0C43FF}.Release|Any CPU.ActiveCfg = Release|Any CPU
		{35D25875-7244-43D8-B92E-A5554E0C43FF}.Release|Any CPU.Build.0 = Release|Any CPU
		{016B66E0-1A66-4D65-8B19-C395C092400E}.Debug|Any CPU.ActiveCfg = Debug|Any CPU
		{016B66E0-1A66-4D65-8B19-C395C092400E}.Debug|Any CPU.Build.0 = Debug|Any CPU
		{016B66E0-1A66-4D65-8B19-C395C092400E}.Release|Any CPU.ActiveCfg = Release|Any CPU
		{016B66E0-1A66-4D65-8B19-C395C092400E}.Release|Any CPU.Build.0 = Release|Any CPU
		{03030290-3478-4CA0-8949-52B9E4F38783}.Debug|Any CPU.ActiveCfg = Debug|Any CPU
		{03030290-3478-4CA0-8949-52B9E4F38783}.Debug|Any CPU.Build.0 = Debug|Any CPU
		{03030290-3478-4CA0-8949-52B9E4F38783}.Release|Any CPU.ActiveCfg = Release|Any CPU
		{03030290-3478-4CA0-8949-52B9E4F38783}.Release|Any CPU.Build.0 = Release|Any CPU
		{7751E7A0-A8D0-4206-A80B-23E2ED5EC9CA}.Debug|Any CPU.ActiveCfg = Debug|Any CPU
		{7751E7A0-A8D0-4206-A80B-23E2ED5EC9CA}.Debug|Any CPU.Build.0 = Debug|Any CPU
		{7751E7A0-A8D0-4206-A80B-23E2ED5EC9CA}.Release|Any CPU.ActiveCfg = Release|Any CPU
		{7751E7A0-A8D0-4206-A80B-23E2ED5EC9CA}.Release|Any CPU.Build.0 = Release|Any CPU
		{3CC2CD38-082B-46B2-97B7-66EA1226EF65}.Debug|Any CPU.ActiveCfg = Debug|Any CPU
		{3CC2CD38-082B-46B2-97B7-66EA1226EF65}.Debug|Any CPU.Build.0 = Debug|Any CPU
		{3CC2CD38-082B-46B2-97B7-66EA1226EF65}.Release|Any CPU.ActiveCfg = Release|Any CPU
		{3CC2CD38-082B-46B2-97B7-66EA1226EF65}.Release|Any CPU.Build.0 = Release|Any CPU
		{AD291618-D41F-44F7-87A1-91392D25C179}.Debug|Any CPU.ActiveCfg = Debug|Any CPU
		{AD291618-D41F-44F7-87A1-91392D25C179}.Debug|Any CPU.Build.0 = Debug|Any CPU
		{AD291618-D41F-44F7-87A1-91392D25C179}.Release|Any CPU.ActiveCfg = Release|Any CPU
		{AD291618-D41F-44F7-87A1-91392D25C179}.Release|Any CPU.Build.0 = Release|Any CPU
		{7FB4919F-BC19-4A2B-91B3-764F3F6D11A5}.Debug|Any CPU.ActiveCfg = Debug|Any CPU
		{7FB4919F-BC19-4A2B-91B3-764F3F6D11A5}.Debug|Any CPU.Build.0 = Debug|Any CPU
		{7FB4919F-BC19-4A2B-91B3-764F3F6D11A5}.Release|Any CPU.ActiveCfg = Release|Any CPU
		{7FB4919F-BC19-4A2B-91B3-764F3F6D11A5}.Release|Any CPU.Build.0 = Release|Any CPU
		{1EAFE2CF-8C74-45DA-A3E4-4BBD7CB916A1}.Debug|Any CPU.ActiveCfg = Debug|Any CPU
		{1EAFE2CF-8C74-45DA-A3E4-4BBD7CB916A1}.Debug|Any CPU.Build.0 = Debug|Any CPU
		{1EAFE2CF-8C74-45DA-A3E4-4BBD7CB916A1}.Release|Any CPU.ActiveCfg = Release|Any CPU
		{1EAFE2CF-8C74-45DA-A3E4-4BBD7CB916A1}.Release|Any CPU.Build.0 = Release|Any CPU
		{50B68F68-96A7-4238-B9F0-36EB650FAA88}.Debug|Any CPU.ActiveCfg = Debug|Any CPU
		{50B68F68-96A7-4238-B9F0-36EB650FAA88}.Debug|Any CPU.Build.0 = Debug|Any CPU
		{50B68F68-96A7-4238-B9F0-36EB650FAA88}.Release|Any CPU.ActiveCfg = Release|Any CPU
		{50B68F68-96A7-4238-B9F0-36EB650FAA88}.Release|Any CPU.Build.0 = Release|Any CPU
	EndGlobalSection
EndGlobal
